// !$*UTF8*$!
{
	archiveVersion = 1;
	classes = {
	};
	objectVersion = 46;
	objects = {

/* Begin PBXBuildFile section */
		5A53C1A61D7CDA17004CE8BC /* main.cpp in Sources */ = {isa = PBXBuildFile; fileRef = 5A53C1A51D7CDA17004CE8BC /* main.cpp */; };
		5A53C1BE1D7CDB1F004CE8BC /* gift1.cpp in Sources */ = {isa = PBXBuildFile; fileRef = 5A53C1BD1D7CDB1F004CE8BC /* gift1.cpp */; };
		5A53C1CE1D7CDDB0004CE8BC /* ride.cpp in Sources */ = {isa = PBXBuildFile; fileRef = 5A53C1CD1D7CDDB0004CE8BC /* ride.cpp */; };
		5A53C1DF1D7D1C30004CE8BC /* friday.cpp in Sources */ = {isa = PBXBuildFile; fileRef = 5A53C1DE1D7D1C30004CE8BC /* friday.cpp */; };
		5A53C1EC1D7D3748004CE8BC /* beads.cpp in Sources */ = {isa = PBXBuildFile; fileRef = 5A53C1EB1D7D3748004CE8BC /* beads.cpp */; };
		5A53C1F91D7DFECC004CE8BC /* milk2.cpp in Sources */ = {isa = PBXBuildFile; fileRef = 5A53C1F81D7DFECC004CE8BC /* milk2.cpp */; };
		5A53C2061D7E6E61004CE8BC /* transform.cpp in Sources */ = {isa = PBXBuildFile; fileRef = 5A53C2051D7E6E61004CE8BC /* transform.cpp */; };
		5AB911971D7FA21A00AD3EB8 /* namenum.cpp in Sources */ = {isa = PBXBuildFile; fileRef = 5AB911961D7FA21A00AD3EB8 /* namenum.cpp */; };
		5AB911A51D8084BB00AD3EB8 /* palsquare.cpp in Sources */ = {isa = PBXBuildFile; fileRef = 5AB911A41D8084BB00AD3EB8 /* palsquare.cpp */; };
		5AB911B11D8090D100AD3EB8 /* dualpal.cpp in Sources */ = {isa = PBXBuildFile; fileRef = 5AB911B01D8090D100AD3EB8 /* dualpal.cpp */; };
		5AB911BD1D81178F00AD3EB8 /* milk.cpp in Sources */ = {isa = PBXBuildFile; fileRef = 5AB911BC1D81178F00AD3EB8 /* milk.cpp */; };
		5AB911C91D8266A800AD3EB8 /* barn1.cpp in Sources */ = {isa = PBXBuildFile; fileRef = 5AB911C81D8266A800AD3EB8 /* barn1.cpp */; };
		5AB911D51D83259600AD3EB8 /* crypt1.cpp in Sources */ = {isa = PBXBuildFile; fileRef = 5AB911D41D83259600AD3EB8 /* crypt1.cpp */; };
		5AB911E11D83842700AD3EB8 /* combo.cpp in Sources */ = {isa = PBXBuildFile; fileRef = 5AB911E01D83842700AD3EB8 /* combo.cpp */; };
/* End PBXBuildFile section */

/* Begin PBXCopyFilesBuildPhase section */
		5A53C1A01D7CDA17004CE8BC /* CopyFiles */ = {
			isa = PBXCopyFilesBuildPhase;
			buildActionMask = 2147483647;
			dstPath = /usr/share/man/man1/;
			dstSubfolderSpec = 0;
			files = (
			);
			runOnlyForDeploymentPostprocessing = 1;
		};
		5A53C1B91D7CDB1F004CE8BC /* CopyFiles */ = {
			isa = PBXCopyFilesBuildPhase;
			buildActionMask = 2147483647;
			dstPath = /usr/share/man/man1/;
			dstSubfolderSpec = 0;
			files = (
			);
			runOnlyForDeploymentPostprocessing = 1;
		};
		5A53C1C91D7CDDB0004CE8BC /* CopyFiles */ = {
			isa = PBXCopyFilesBuildPhase;
			buildActionMask = 2147483647;
			dstPath = /usr/share/man/man1/;
			dstSubfolderSpec = 0;
			files = (
			);
			runOnlyForDeploymentPostprocessing = 1;
		};
		5A53C1DA1D7D1C30004CE8BC /* CopyFiles */ = {
			isa = PBXCopyFilesBuildPhase;
			buildActionMask = 2147483647;
			dstPath = /usr/share/man/man1/;
			dstSubfolderSpec = 0;
			files = (
			);
			runOnlyForDeploymentPostprocessing = 1;
		};
		5A53C1E71D7D3748004CE8BC /* CopyFiles */ = {
			isa = PBXCopyFilesBuildPhase;
			buildActionMask = 2147483647;
			dstPath = /usr/share/man/man1/;
			dstSubfolderSpec = 0;
			files = (
			);
			runOnlyForDeploymentPostprocessing = 1;
		};
		5A53C1F41D7DFECC004CE8BC /* CopyFiles */ = {
			isa = PBXCopyFilesBuildPhase;
			buildActionMask = 2147483647;
			dstPath = /usr/share/man/man1/;
			dstSubfolderSpec = 0;
			files = (
			);
			runOnlyForDeploymentPostprocessing = 1;
		};
		5A53C2011D7E6E61004CE8BC /* CopyFiles */ = {
			isa = PBXCopyFilesBuildPhase;
			buildActionMask = 2147483647;
			dstPath = /usr/share/man/man1/;
			dstSubfolderSpec = 0;
			files = (
			);
			runOnlyForDeploymentPostprocessing = 1;
		};
		5AB911921D7FA21A00AD3EB8 /* CopyFiles */ = {
			isa = PBXCopyFilesBuildPhase;
			buildActionMask = 2147483647;
			dstPath = /usr/share/man/man1/;
			dstSubfolderSpec = 0;
			files = (
			);
			runOnlyForDeploymentPostprocessing = 1;
		};
		5AB911A01D8084B500AD3EB8 /* CopyFiles */ = {
			isa = PBXCopyFilesBuildPhase;
			buildActionMask = 2147483647;
			dstPath = /usr/share/man/man1/;
			dstSubfolderSpec = 0;
			files = (
			);
			runOnlyForDeploymentPostprocessing = 1;
		};
		5AB911AC1D8090D000AD3EB8 /* CopyFiles */ = {
			isa = PBXCopyFilesBuildPhase;
			buildActionMask = 2147483647;
			dstPath = /usr/share/man/man1/;
			dstSubfolderSpec = 0;
			files = (
			);
			runOnlyForDeploymentPostprocessing = 1;
		};
		5AB911B81D81178F00AD3EB8 /* CopyFiles */ = {
			isa = PBXCopyFilesBuildPhase;
			buildActionMask = 2147483647;
			dstPath = /usr/share/man/man1/;
			dstSubfolderSpec = 0;
			files = (
			);
			runOnlyForDeploymentPostprocessing = 1;
		};
		5AB911C41D8266A800AD3EB8 /* CopyFiles */ = {
			isa = PBXCopyFilesBuildPhase;
			buildActionMask = 2147483647;
			dstPath = /usr/share/man/man1/;
			dstSubfolderSpec = 0;
			files = (
			);
			runOnlyForDeploymentPostprocessing = 1;
		};
		5AB911D01D83259600AD3EB8 /* CopyFiles */ = {
			isa = PBXCopyFilesBuildPhase;
			buildActionMask = 2147483647;
			dstPath = /usr/share/man/man1/;
			dstSubfolderSpec = 0;
			files = (
			);
			runOnlyForDeploymentPostprocessing = 1;
		};
		5AB911DC1D83842600AD3EB8 /* CopyFiles */ = {
			isa = PBXCopyFilesBuildPhase;
			buildActionMask = 2147483647;
			dstPath = /usr/share/man/man1/;
			dstSubfolderSpec = 0;
			files = (
			);
			runOnlyForDeploymentPostprocessing = 1;
		};
/* End PBXCopyFilesBuildPhase section */

/* Begin PBXFileReference section */
		5A53C1A21D7CDA17004CE8BC /* USACO */ = {isa = PBXFileReference; explicitFileType = "compiled.mach-o.executable"; includeInIndex = 0; path = USACO; sourceTree = BUILT_PRODUCTS_DIR; };
		5A53C1A51D7CDA17004CE8BC /* main.cpp */ = {isa = PBXFileReference; lastKnownFileType = sourcecode.cpp.cpp; path = main.cpp; sourceTree = "<group>"; };
		5A53C1BB1D7CDB1F004CE8BC /* gift1 */ = {isa = PBXFileReference; explicitFileType = "compiled.mach-o.executable"; includeInIndex = 0; path = gift1; sourceTree = BUILT_PRODUCTS_DIR; };
		5A53C1BD1D7CDB1F004CE8BC /* gift1.cpp */ = {isa = PBXFileReference; lastKnownFileType = sourcecode.cpp.cpp; path = gift1.cpp; sourceTree = "<group>"; };
		5A53C1CB1D7CDDB0004CE8BC /* ride */ = {isa = PBXFileReference; explicitFileType = "compiled.mach-o.executable"; includeInIndex = 0; path = ride; sourceTree = BUILT_PRODUCTS_DIR; };
		5A53C1CD1D7CDDB0004CE8BC /* ride.cpp */ = {isa = PBXFileReference; lastKnownFileType = sourcecode.cpp.cpp; path = ride.cpp; sourceTree = "<group>"; };
		5A53C1D41D7CE0BD004CE8BC /* ride.in.txt */ = {isa = PBXFileReference; fileEncoding = 4; lastKnownFileType = text; path = ride.in.txt; sourceTree = "<group>"; };
		5A53C1D51D7CE0BD004CE8BC /* ride.out.txt */ = {isa = PBXFileReference; fileEncoding = 4; lastKnownFileType = text; path = ride.out.txt; sourceTree = "<group>"; };
		5A53C1D61D7CE4B5004CE8BC /* gift1.out.txt */ = {isa = PBXFileReference; fileEncoding = 4; lastKnownFileType = text; path = gift1.out.txt; sourceTree = "<group>"; };
		5A53C1D71D7CE4B5004CE8BC /* gift1.in.txt */ = {isa = PBXFileReference; fileEncoding = 4; lastKnownFileType = text; path = gift1.in.txt; sourceTree = "<group>"; };
		5A53C1DC1D7D1C30004CE8BC /* friday */ = {isa = PBXFileReference; explicitFileType = "compiled.mach-o.executable"; includeInIndex = 0; path = friday; sourceTree = BUILT_PRODUCTS_DIR; };
		5A53C1DE1D7D1C30004CE8BC /* friday.cpp */ = {isa = PBXFileReference; lastKnownFileType = sourcecode.cpp.cpp; path = friday.cpp; sourceTree = "<group>"; };
		5A53C1E31D7D1C91004CE8BC /* friday.out.txt */ = {isa = PBXFileReference; fileEncoding = 4; lastKnownFileType = text; path = friday.out.txt; sourceTree = "<group>"; };
		5A53C1E41D7D1C91004CE8BC /* friday.in.txt */ = {isa = PBXFileReference; fileEncoding = 4; lastKnownFileType = text; path = friday.in.txt; sourceTree = "<group>"; };
		5A53C1E91D7D3748004CE8BC /* beads */ = {isa = PBXFileReference; explicitFileType = "compiled.mach-o.executable"; includeInIndex = 0; path = beads; sourceTree = BUILT_PRODUCTS_DIR; };
		5A53C1EB1D7D3748004CE8BC /* beads.cpp */ = {isa = PBXFileReference; lastKnownFileType = sourcecode.cpp.cpp; path = beads.cpp; sourceTree = "<group>"; };
		5A53C1F01D7D37B7004CE8BC /* beads.out.txt */ = {isa = PBXFileReference; fileEncoding = 4; lastKnownFileType = text; path = beads.out.txt; sourceTree = "<group>"; };
		5A53C1F11D7D37B7004CE8BC /* beads.in.txt */ = {isa = PBXFileReference; fileEncoding = 4; lastKnownFileType = text; path = beads.in.txt; sourceTree = "<group>"; };
		5A53C1F61D7DFECC004CE8BC /* milk2 */ = {isa = PBXFileReference; explicitFileType = "compiled.mach-o.executable"; includeInIndex = 0; path = milk2; sourceTree = BUILT_PRODUCTS_DIR; };
		5A53C1F81D7DFECC004CE8BC /* milk2.cpp */ = {isa = PBXFileReference; lastKnownFileType = sourcecode.cpp.cpp; path = milk2.cpp; sourceTree = "<group>"; };
		5A53C1FD1D7DFF25004CE8BC /* milk2.out.txt */ = {isa = PBXFileReference; fileEncoding = 4; lastKnownFileType = text; path = milk2.out.txt; sourceTree = "<group>"; };
		5A53C1FE1D7DFF25004CE8BC /* milk2.in.txt */ = {isa = PBXFileReference; fileEncoding = 4; lastKnownFileType = text; path = milk2.in.txt; sourceTree = "<group>"; };
		5A53C2031D7E6E61004CE8BC /* transform */ = {isa = PBXFileReference; explicitFileType = "compiled.mach-o.executable"; includeInIndex = 0; path = transform; sourceTree = BUILT_PRODUCTS_DIR; };
		5A53C2051D7E6E61004CE8BC /* transform.cpp */ = {isa = PBXFileReference; lastKnownFileType = sourcecode.cpp.cpp; path = transform.cpp; sourceTree = "<group>"; };
		5A53C20A1D7E6EC1004CE8BC /* transform.out.txt */ = {isa = PBXFileReference; fileEncoding = 4; lastKnownFileType = text; path = transform.out.txt; sourceTree = "<group>"; };
		5A53C20B1D7E6EC1004CE8BC /* transform.in.txt */ = {isa = PBXFileReference; fileEncoding = 4; lastKnownFileType = text; path = transform.in.txt; sourceTree = "<group>"; };
		5AB911941D7FA21A00AD3EB8 /* namenum */ = {isa = PBXFileReference; explicitFileType = "compiled.mach-o.executable"; includeInIndex = 0; path = namenum; sourceTree = BUILT_PRODUCTS_DIR; };
		5AB911961D7FA21A00AD3EB8 /* namenum.cpp */ = {isa = PBXFileReference; lastKnownFileType = sourcecode.cpp.cpp; path = namenum.cpp; sourceTree = "<group>"; };
		5AB9119B1D7FA29400AD3EB8 /* dict.txt */ = {isa = PBXFileReference; fileEncoding = 4; lastKnownFileType = text; path = dict.txt; sourceTree = "<group>"; };
		5AB9119C1D7FA29400AD3EB8 /* namenum.out.txt */ = {isa = PBXFileReference; fileEncoding = 4; lastKnownFileType = text; path = namenum.out.txt; sourceTree = "<group>"; };
		5AB9119D1D7FA29400AD3EB8 /* namenum.in.txt */ = {isa = PBXFileReference; fileEncoding = 4; lastKnownFileType = text; path = namenum.in.txt; sourceTree = "<group>"; };
		5AB911A21D8084B700AD3EB8 /* palsquare */ = {isa = PBXFileReference; explicitFileType = "compiled.mach-o.executable"; includeInIndex = 0; path = palsquare; sourceTree = BUILT_PRODUCTS_DIR; };
		5AB911A41D8084BB00AD3EB8 /* palsquare.cpp */ = {isa = PBXFileReference; lastKnownFileType = sourcecode.cpp.cpp; path = palsquare.cpp; sourceTree = "<group>"; };
		5AB911A91D80873E00AD3EB8 /* palsquare.in.txt */ = {isa = PBXFileReference; fileEncoding = 4; lastKnownFileType = text; path = palsquare.in.txt; sourceTree = "<group>"; };
		5AB911AE1D8090D000AD3EB8 /* dualpal */ = {isa = PBXFileReference; explicitFileType = "compiled.mach-o.executable"; includeInIndex = 0; path = dualpal; sourceTree = BUILT_PRODUCTS_DIR; };
		5AB911B01D8090D100AD3EB8 /* dualpal.cpp */ = {isa = PBXFileReference; lastKnownFileType = sourcecode.cpp.cpp; path = dualpal.cpp; sourceTree = "<group>"; };
		5AB911B51D80914100AD3EB8 /* dualpal.in.txt */ = {isa = PBXFileReference; fileEncoding = 4; lastKnownFileType = text; path = dualpal.in.txt; sourceTree = "<group>"; };
		5AB911BA1D81178F00AD3EB8 /* milk */ = {isa = PBXFileReference; explicitFileType = "compiled.mach-o.executable"; includeInIndex = 0; path = milk; sourceTree = BUILT_PRODUCTS_DIR; };
		5AB911BC1D81178F00AD3EB8 /* milk.cpp */ = {isa = PBXFileReference; lastKnownFileType = sourcecode.cpp.cpp; path = milk.cpp; sourceTree = "<group>"; };
		5AB911C11D8117E100AD3EB8 /* milk.in.txt */ = {isa = PBXFileReference; fileEncoding = 4; lastKnownFileType = text; path = milk.in.txt; sourceTree = "<group>"; };
		5AB911C61D8266A800AD3EB8 /* barn1 */ = {isa = PBXFileReference; explicitFileType = "compiled.mach-o.executable"; includeInIndex = 0; path = barn1; sourceTree = BUILT_PRODUCTS_DIR; };
		5AB911C81D8266A800AD3EB8 /* barn1.cpp */ = {isa = PBXFileReference; lastKnownFileType = sourcecode.cpp.cpp; path = barn1.cpp; sourceTree = "<group>"; };
		5AB911CD1D8266DD00AD3EB8 /* barn1.txt */ = {isa = PBXFileReference; fileEncoding = 4; lastKnownFileType = text; path = barn1.txt; sourceTree = "<group>"; };
		5AB911D21D83259600AD3EB8 /* crypt1 */ = {isa = PBXFileReference; explicitFileType = "compiled.mach-o.executable"; includeInIndex = 0; path = crypt1; sourceTree = BUILT_PRODUCTS_DIR; };
		5AB911D41D83259600AD3EB8 /* crypt1.cpp */ = {isa = PBXFileReference; lastKnownFileType = sourcecode.cpp.cpp; path = crypt1.cpp; sourceTree = "<group>"; };
		5AB911D91D83265400AD3EB8 /* crypt1.txt */ = {isa = PBXFileReference; fileEncoding = 4; lastKnownFileType = text; path = crypt1.txt; sourceTree = "<group>"; };
		5AB911DE1D83842600AD3EB8 /* combo */ = {isa = PBXFileReference; explicitFileType = "compiled.mach-o.executable"; includeInIndex = 0; path = combo; sourceTree = BUILT_PRODUCTS_DIR; };
		5AB911E01D83842700AD3EB8 /* combo.cpp */ = {isa = PBXFileReference; lastKnownFileType = sourcecode.cpp.cpp; path = combo.cpp; sourceTree = "<group>"; };
		5AB911E51D8384A700AD3EB8 /* combo.txt */ = {isa = PBXFileReference; fileEncoding = 4; lastKnownFileType = text; path = combo.txt; sourceTree = "<group>"; };
/* End PBXFileReference section */

/* Begin PBXFrameworksBuildPhase section */
		5A53C19F1D7CDA17004CE8BC /* Frameworks */ = {
			isa = PBXFrameworksBuildPhase;
			buildActionMask = 2147483647;
			files = (
			);
			runOnlyForDeploymentPostprocessing = 0;
		};
		5A53C1B81D7CDB1F004CE8BC /* Frameworks */ = {
			isa = PBXFrameworksBuildPhase;
			buildActionMask = 2147483647;
			files = (
			);
			runOnlyForDeploymentPostprocessing = 0;
		};
		5A53C1C81D7CDDB0004CE8BC /* Frameworks */ = {
			isa = PBXFrameworksBuildPhase;
			buildActionMask = 2147483647;
			files = (
			);
			runOnlyForDeploymentPostprocessing = 0;
		};
		5A53C1D91D7D1C30004CE8BC /* Frameworks */ = {
			isa = PBXFrameworksBuildPhase;
			buildActionMask = 2147483647;
			files = (
			);
			runOnlyForDeploymentPostprocessing = 0;
		};
		5A53C1E61D7D3748004CE8BC /* Frameworks */ = {
			isa = PBXFrameworksBuildPhase;
			buildActionMask = 2147483647;
			files = (
			);
			runOnlyForDeploymentPostprocessing = 0;
		};
		5A53C1F31D7DFECC004CE8BC /* Frameworks */ = {
			isa = PBXFrameworksBuildPhase;
			buildActionMask = 2147483647;
			files = (
			);
			runOnlyForDeploymentPostprocessing = 0;
		};
		5A53C2001D7E6E61004CE8BC /* Frameworks */ = {
			isa = PBXFrameworksBuildPhase;
			buildActionMask = 2147483647;
			files = (
			);
			runOnlyForDeploymentPostprocessing = 0;
		};
		5AB911911D7FA21A00AD3EB8 /* Frameworks */ = {
			isa = PBXFrameworksBuildPhase;
			buildActionMask = 2147483647;
			files = (
			);
			runOnlyForDeploymentPostprocessing = 0;
		};
		5AB9119F1D8084B500AD3EB8 /* Frameworks */ = {
			isa = PBXFrameworksBuildPhase;
			buildActionMask = 2147483647;
			files = (
			);
			runOnlyForDeploymentPostprocessing = 0;
		};
		5AB911AB1D8090D000AD3EB8 /* Frameworks */ = {
			isa = PBXFrameworksBuildPhase;
			buildActionMask = 2147483647;
			files = (
			);
			runOnlyForDeploymentPostprocessing = 0;
		};
		5AB911B71D81178F00AD3EB8 /* Frameworks */ = {
			isa = PBXFrameworksBuildPhase;
			buildActionMask = 2147483647;
			files = (
			);
			runOnlyForDeploymentPostprocessing = 0;
		};
		5AB911C31D8266A800AD3EB8 /* Frameworks */ = {
			isa = PBXFrameworksBuildPhase;
			buildActionMask = 2147483647;
			files = (
			);
			runOnlyForDeploymentPostprocessing = 0;
		};
		5AB911CF1D83259600AD3EB8 /* Frameworks */ = {
			isa = PBXFrameworksBuildPhase;
			buildActionMask = 2147483647;
			files = (
			);
			runOnlyForDeploymentPostprocessing = 0;
		};
		5AB911DB1D83842600AD3EB8 /* Frameworks */ = {
			isa = PBXFrameworksBuildPhase;
			buildActionMask = 2147483647;
			files = (
			);
			runOnlyForDeploymentPostprocessing = 0;
		};
/* End PBXFrameworksBuildPhase section */

/* Begin PBXGroup section */
		5A53C1991D7CDA17004CE8BC = {
			isa = PBXGroup;
			children = (
				5A53C1A41D7CDA17004CE8BC /* USACO */,
				5A53C1BC1D7CDB1F004CE8BC /* gift1 */,
				5A53C1CC1D7CDDB0004CE8BC /* ride */,
				5A53C1DD1D7D1C30004CE8BC /* friday */,
				5A53C1EA1D7D3748004CE8BC /* beads */,
				5A53C1F71D7DFECC004CE8BC /* milk2 */,
				5A53C2041D7E6E61004CE8BC /* transform */,
				5AB911951D7FA21A00AD3EB8 /* namenum */,
				5AB911A31D8084BA00AD3EB8 /* palsquare */,
				5AB911AF1D8090D000AD3EB8 /* dualpal */,
				5AB911BB1D81178F00AD3EB8 /* milk */,
				5AB911C71D8266A800AD3EB8 /* barn1 */,
				5AB911D31D83259600AD3EB8 /* crypt1 */,
				5AB911DF1D83842600AD3EB8 /* combo */,
				5A53C1A31D7CDA17004CE8BC /* Products */,
			);
			sourceTree = "<group>";
		};
		5A53C1A31D7CDA17004CE8BC /* Products */ = {
			isa = PBXGroup;
			children = (
				5A53C1A21D7CDA17004CE8BC /* USACO */,
				5A53C1BB1D7CDB1F004CE8BC /* gift1 */,
				5A53C1CB1D7CDDB0004CE8BC /* ride */,
				5A53C1DC1D7D1C30004CE8BC /* friday */,
				5A53C1E91D7D3748004CE8BC /* beads */,
				5A53C1F61D7DFECC004CE8BC /* milk2 */,
				5A53C2031D7E6E61004CE8BC /* transform */,
				5AB911941D7FA21A00AD3EB8 /* namenum */,
				5AB911A21D8084B700AD3EB8 /* palsquare */,
				5AB911AE1D8090D000AD3EB8 /* dualpal */,
				5AB911BA1D81178F00AD3EB8 /* milk */,
				5AB911C61D8266A800AD3EB8 /* barn1 */,
				5AB911D21D83259600AD3EB8 /* crypt1 */,
				5AB911DE1D83842600AD3EB8 /* combo */,
			);
			name = Products;
			sourceTree = "<group>";
		};
		5A53C1A41D7CDA17004CE8BC /* USACO */ = {
			isa = PBXGroup;
			children = (
				5A53C1A51D7CDA17004CE8BC /* main.cpp */,
			);
			path = USACO;
			sourceTree = "<group>";
		};
		5A53C1BC1D7CDB1F004CE8BC /* gift1 */ = {
			isa = PBXGroup;
			children = (
				5A53C1D61D7CE4B5004CE8BC /* gift1.out.txt */,
				5A53C1D71D7CE4B5004CE8BC /* gift1.in.txt */,
				5A53C1BD1D7CDB1F004CE8BC /* gift1.cpp */,
			);
			path = gift1;
			sourceTree = "<group>";
		};
		5A53C1CC1D7CDDB0004CE8BC /* ride */ = {
			isa = PBXGroup;
			children = (
				5A53C1D41D7CE0BD004CE8BC /* ride.in.txt */,
				5A53C1D51D7CE0BD004CE8BC /* ride.out.txt */,
				5A53C1CD1D7CDDB0004CE8BC /* ride.cpp */,
			);
			path = ride;
			sourceTree = "<group>";
		};
		5A53C1DD1D7D1C30004CE8BC /* friday */ = {
			isa = PBXGroup;
			children = (
				5A53C1E31D7D1C91004CE8BC /* friday.out.txt */,
				5A53C1E41D7D1C91004CE8BC /* friday.in.txt */,
				5A53C1DE1D7D1C30004CE8BC /* friday.cpp */,
			);
			path = friday;
			sourceTree = "<group>";
		};
		5A53C1EA1D7D3748004CE8BC /* beads */ = {
			isa = PBXGroup;
			children = (
				5A53C1F01D7D37B7004CE8BC /* beads.out.txt */,
				5A53C1F11D7D37B7004CE8BC /* beads.in.txt */,
				5A53C1EB1D7D3748004CE8BC /* beads.cpp */,
			);
			path = beads;
			sourceTree = "<group>";
		};
		5A53C1F71D7DFECC004CE8BC /* milk2 */ = {
			isa = PBXGroup;
			children = (
				5A53C1FD1D7DFF25004CE8BC /* milk2.out.txt */,
				5A53C1FE1D7DFF25004CE8BC /* milk2.in.txt */,
				5A53C1F81D7DFECC004CE8BC /* milk2.cpp */,
			);
			path = milk2;
			sourceTree = "<group>";
		};
		5A53C2041D7E6E61004CE8BC /* transform */ = {
			isa = PBXGroup;
			children = (
				5A53C20A1D7E6EC1004CE8BC /* transform.out.txt */,
				5A53C20B1D7E6EC1004CE8BC /* transform.in.txt */,
				5A53C2051D7E6E61004CE8BC /* transform.cpp */,
			);
			path = transform;
			sourceTree = "<group>";
		};
		5AB911951D7FA21A00AD3EB8 /* namenum */ = {
			isa = PBXGroup;
			children = (
				5AB9119B1D7FA29400AD3EB8 /* dict.txt */,
				5AB9119C1D7FA29400AD3EB8 /* namenum.out.txt */,
				5AB9119D1D7FA29400AD3EB8 /* namenum.in.txt */,
				5AB911961D7FA21A00AD3EB8 /* namenum.cpp */,
			);
			path = namenum;
			sourceTree = "<group>";
		};
		5AB911A31D8084BA00AD3EB8 /* palsquare */ = {
			isa = PBXGroup;
			children = (
				5AB911A91D80873E00AD3EB8 /* palsquare.in.txt */,
				5AB911A41D8084BB00AD3EB8 /* palsquare.cpp */,
			);
			path = palsquare;
			sourceTree = "<group>";
		};
		5AB911AF1D8090D000AD3EB8 /* dualpal */ = {
			isa = PBXGroup;
			children = (
				5AB911B51D80914100AD3EB8 /* dualpal.in.txt */,
				5AB911B01D8090D100AD3EB8 /* dualpal.cpp */,
			);
			path = dualpal;
			sourceTree = "<group>";
		};
		5AB911BB1D81178F00AD3EB8 /* milk */ = {
			isa = PBXGroup;
			children = (
				5AB911C11D8117E100AD3EB8 /* milk.in.txt */,
				5AB911BC1D81178F00AD3EB8 /* milk.cpp */,
			);
			path = milk;
			sourceTree = "<group>";
		};
		5AB911C71D8266A800AD3EB8 /* barn1 */ = {
			isa = PBXGroup;
			children = (
				5AB911CD1D8266DD00AD3EB8 /* barn1.txt */,
				5AB911C81D8266A800AD3EB8 /* barn1.cpp */,
			);
			path = barn1;
			sourceTree = "<group>";
		};
		5AB911D31D83259600AD3EB8 /* crypt1 */ = {
			isa = PBXGroup;
			children = (
				5AB911D91D83265400AD3EB8 /* crypt1.txt */,
				5AB911D41D83259600AD3EB8 /* crypt1.cpp */,
			);
			path = crypt1;
			sourceTree = "<group>";
		};
		5AB911DF1D83842600AD3EB8 /* combo */ = {
			isa = PBXGroup;
			children = (
				5AB911E51D8384A700AD3EB8 /* combo.txt */,
				5AB911E01D83842700AD3EB8 /* combo.cpp */,
			);
			path = combo;
			sourceTree = "<group>";
		};
/* End PBXGroup section */

/* Begin PBXNativeTarget section */
		5A53C1A11D7CDA17004CE8BC /* USACO */ = {
			isa = PBXNativeTarget;
			buildConfigurationList = 5A53C1A91D7CDA17004CE8BC /* Build configuration list for PBXNativeTarget "USACO" */;
			buildPhases = (
				5A53C19E1D7CDA17004CE8BC /* Sources */,
				5A53C19F1D7CDA17004CE8BC /* Frameworks */,
				5A53C1A01D7CDA17004CE8BC /* CopyFiles */,
			);
			buildRules = (
			);
			dependencies = (
			);
			name = USACO;
			productName = USACO;
			productReference = 5A53C1A21D7CDA17004CE8BC /* USACO */;
			productType = "com.apple.product-type.tool";
		};
		5A53C1BA1D7CDB1F004CE8BC /* gift1 */ = {
			isa = PBXNativeTarget;
			buildConfigurationList = 5A53C1BF1D7CDB1F004CE8BC /* Build configuration list for PBXNativeTarget "gift1" */;
			buildPhases = (
				5A53C1B71D7CDB1F004CE8BC /* Sources */,
				5A53C1B81D7CDB1F004CE8BC /* Frameworks */,
				5A53C1B91D7CDB1F004CE8BC /* CopyFiles */,
			);
			buildRules = (
			);
			dependencies = (
			);
			name = gift1;
			productName = gift1;
			productReference = 5A53C1BB1D7CDB1F004CE8BC /* gift1 */;
			productType = "com.apple.product-type.tool";
		};
		5A53C1CA1D7CDDB0004CE8BC /* ride */ = {
			isa = PBXNativeTarget;
			buildConfigurationList = 5A53C1CF1D7CDDB0004CE8BC /* Build configuration list for PBXNativeTarget "ride" */;
			buildPhases = (
				5A53C1C71D7CDDB0004CE8BC /* Sources */,
				5A53C1C81D7CDDB0004CE8BC /* Frameworks */,
				5A53C1C91D7CDDB0004CE8BC /* CopyFiles */,
			);
			buildRules = (
			);
			dependencies = (
			);
			name = ride;
			productName = ride;
			productReference = 5A53C1CB1D7CDDB0004CE8BC /* ride */;
			productType = "com.apple.product-type.tool";
		};
		5A53C1DB1D7D1C30004CE8BC /* friday */ = {
			isa = PBXNativeTarget;
			buildConfigurationList = 5A53C1E21D7D1C30004CE8BC /* Build configuration list for PBXNativeTarget "friday" */;
			buildPhases = (
				5A53C1D81D7D1C30004CE8BC /* Sources */,
				5A53C1D91D7D1C30004CE8BC /* Frameworks */,
				5A53C1DA1D7D1C30004CE8BC /* CopyFiles */,
			);
			buildRules = (
			);
			dependencies = (
			);
			name = friday;
			productName = friday;
			productReference = 5A53C1DC1D7D1C30004CE8BC /* friday */;
			productType = "com.apple.product-type.tool";
		};
		5A53C1E81D7D3748004CE8BC /* beads */ = {
			isa = PBXNativeTarget;
			buildConfigurationList = 5A53C1ED1D7D3748004CE8BC /* Build configuration list for PBXNativeTarget "beads" */;
			buildPhases = (
				5A53C1E51D7D3748004CE8BC /* Sources */,
				5A53C1E61D7D3748004CE8BC /* Frameworks */,
				5A53C1E71D7D3748004CE8BC /* CopyFiles */,
			);
			buildRules = (
			);
			dependencies = (
			);
			name = beads;
			productName = beads;
			productReference = 5A53C1E91D7D3748004CE8BC /* beads */;
			productType = "com.apple.product-type.tool";
		};
		5A53C1F51D7DFECC004CE8BC /* milk2 */ = {
			isa = PBXNativeTarget;
			buildConfigurationList = 5A53C1FA1D7DFECC004CE8BC /* Build configuration list for PBXNativeTarget "milk2" */;
			buildPhases = (
				5A53C1F21D7DFECC004CE8BC /* Sources */,
				5A53C1F31D7DFECC004CE8BC /* Frameworks */,
				5A53C1F41D7DFECC004CE8BC /* CopyFiles */,
			);
			buildRules = (
			);
			dependencies = (
			);
			name = milk2;
			productName = milk2;
			productReference = 5A53C1F61D7DFECC004CE8BC /* milk2 */;
			productType = "com.apple.product-type.tool";
		};
		5A53C2021D7E6E61004CE8BC /* transform */ = {
			isa = PBXNativeTarget;
			buildConfigurationList = 5A53C2071D7E6E61004CE8BC /* Build configuration list for PBXNativeTarget "transform" */;
			buildPhases = (
				5A53C1FF1D7E6E61004CE8BC /* Sources */,
				5A53C2001D7E6E61004CE8BC /* Frameworks */,
				5A53C2011D7E6E61004CE8BC /* CopyFiles */,
			);
			buildRules = (
			);
			dependencies = (
			);
			name = transform;
			productName = transform;
			productReference = 5A53C2031D7E6E61004CE8BC /* transform */;
			productType = "com.apple.product-type.tool";
		};
		5AB911931D7FA21A00AD3EB8 /* namenum */ = {
			isa = PBXNativeTarget;
			buildConfigurationList = 5AB9119A1D7FA21B00AD3EB8 /* Build configuration list for PBXNativeTarget "namenum" */;
			buildPhases = (
				5AB911901D7FA21A00AD3EB8 /* Sources */,
				5AB911911D7FA21A00AD3EB8 /* Frameworks */,
				5AB911921D7FA21A00AD3EB8 /* CopyFiles */,
			);
			buildRules = (
			);
			dependencies = (
			);
			name = namenum;
			productName = namenum;
			productReference = 5AB911941D7FA21A00AD3EB8 /* namenum */;
			productType = "com.apple.product-type.tool";
		};
		5AB911A11D8084B500AD3EB8 /* palsquare */ = {
			isa = PBXNativeTarget;
			buildConfigurationList = 5AB911A61D8084BC00AD3EB8 /* Build configuration list for PBXNativeTarget "palsquare" */;
			buildPhases = (
				5AB9119E1D8084B500AD3EB8 /* Sources */,
				5AB9119F1D8084B500AD3EB8 /* Frameworks */,
				5AB911A01D8084B500AD3EB8 /* CopyFiles */,
			);
			buildRules = (
			);
			dependencies = (
			);
			name = palsquare;
			productName = palsquare;
			productReference = 5AB911A21D8084B700AD3EB8 /* palsquare */;
			productType = "com.apple.product-type.tool";
		};
		5AB911AD1D8090D000AD3EB8 /* dualpal */ = {
			isa = PBXNativeTarget;
			buildConfigurationList = 5AB911B21D8090D100AD3EB8 /* Build configuration list for PBXNativeTarget "dualpal" */;
			buildPhases = (
				5AB911AA1D8090D000AD3EB8 /* Sources */,
				5AB911AB1D8090D000AD3EB8 /* Frameworks */,
				5AB911AC1D8090D000AD3EB8 /* CopyFiles */,
			);
			buildRules = (
			);
			dependencies = (
			);
			name = dualpal;
			productName = dualpal;
			productReference = 5AB911AE1D8090D000AD3EB8 /* dualpal */;
			productType = "com.apple.product-type.tool";
		};
		5AB911B91D81178F00AD3EB8 /* milk */ = {
			isa = PBXNativeTarget;
			buildConfigurationList = 5AB911BE1D81178F00AD3EB8 /* Build configuration list for PBXNativeTarget "milk" */;
			buildPhases = (
				5AB911B61D81178F00AD3EB8 /* Sources */,
				5AB911B71D81178F00AD3EB8 /* Frameworks */,
				5AB911B81D81178F00AD3EB8 /* CopyFiles */,
			);
			buildRules = (
			);
			dependencies = (
			);
			name = milk;
			productName = milk;
			productReference = 5AB911BA1D81178F00AD3EB8 /* milk */;
			productType = "com.apple.product-type.tool";
		};
		5AB911C51D8266A800AD3EB8 /* barn1 */ = {
			isa = PBXNativeTarget;
			buildConfigurationList = 5AB911CA1D8266A800AD3EB8 /* Build configuration list for PBXNativeTarget "barn1" */;
			buildPhases = (
				5AB911C21D8266A800AD3EB8 /* Sources */,
				5AB911C31D8266A800AD3EB8 /* Frameworks */,
				5AB911C41D8266A800AD3EB8 /* CopyFiles */,
			);
			buildRules = (
			);
			dependencies = (
			);
			name = barn1;
			productName = barn1;
			productReference = 5AB911C61D8266A800AD3EB8 /* barn1 */;
			productType = "com.apple.product-type.tool";
		};
		5AB911D11D83259600AD3EB8 /* crypt1 */ = {
			isa = PBXNativeTarget;
			buildConfigurationList = 5AB911D61D83259600AD3EB8 /* Build configuration list for PBXNativeTarget "crypt1" */;
			buildPhases = (
				5AB911CE1D83259600AD3EB8 /* Sources */,
				5AB911CF1D83259600AD3EB8 /* Frameworks */,
				5AB911D01D83259600AD3EB8 /* CopyFiles */,
			);
			buildRules = (
			);
			dependencies = (
			);
			name = crypt1;
			productName = crypt1;
			productReference = 5AB911D21D83259600AD3EB8 /* crypt1 */;
			productType = "com.apple.product-type.tool";
		};
		5AB911DD1D83842600AD3EB8 /* combo */ = {
			isa = PBXNativeTarget;
			buildConfigurationList = 5AB911E21D83842700AD3EB8 /* Build configuration list for PBXNativeTarget "combo" */;
			buildPhases = (
				5AB911DA1D83842600AD3EB8 /* Sources */,
				5AB911DB1D83842600AD3EB8 /* Frameworks */,
				5AB911DC1D83842600AD3EB8 /* CopyFiles */,
			);
			buildRules = (
			);
			dependencies = (
			);
			name = combo;
			productName = combo;
			productReference = 5AB911DE1D83842600AD3EB8 /* combo */;
			productType = "com.apple.product-type.tool";
		};
/* End PBXNativeTarget section */

/* Begin PBXProject section */
		5A53C19A1D7CDA17004CE8BC /* Project object */ = {
			isa = PBXProject;
			attributes = {
				LastUpgradeCheck = 0730;
				ORGANIZATIONNAME = "Andrew Shi";
				TargetAttributes = {
					5A53C1A11D7CDA17004CE8BC = {
						CreatedOnToolsVersion = 7.3.1;
					};
					5A53C1BA1D7CDB1F004CE8BC = {
						CreatedOnToolsVersion = 7.3.1;
					};
					5A53C1CA1D7CDDB0004CE8BC = {
						CreatedOnToolsVersion = 7.3.1;
					};
					5A53C1DB1D7D1C30004CE8BC = {
						CreatedOnToolsVersion = 7.3.1;
					};
					5A53C1E81D7D3748004CE8BC = {
						CreatedOnToolsVersion = 7.3.1;
					};
					5A53C1F51D7DFECC004CE8BC = {
						CreatedOnToolsVersion = 7.3.1;
					};
					5A53C2021D7E6E61004CE8BC = {
						CreatedOnToolsVersion = 7.3.1;
					};
					5AB911931D7FA21A00AD3EB8 = {
						CreatedOnToolsVersion = 7.3.1;
					};
					5AB911A11D8084B500AD3EB8 = {
						CreatedOnToolsVersion = 7.3.1;
					};
					5AB911AD1D8090D000AD3EB8 = {
						CreatedOnToolsVersion = 7.3.1;
					};
					5AB911B91D81178F00AD3EB8 = {
						CreatedOnToolsVersion = 7.3.1;
					};
					5AB911C51D8266A800AD3EB8 = {
						CreatedOnToolsVersion = 7.3.1;
					};
					5AB911D11D83259600AD3EB8 = {
						CreatedOnToolsVersion = 7.3.1;
					};
					5AB911DD1D83842600AD3EB8 = {
						CreatedOnToolsVersion = 7.3.1;
					};
				};
			};
			buildConfigurationList = 5A53C19D1D7CDA17004CE8BC /* Build configuration list for PBXProject "USACO" */;
			compatibilityVersion = "Xcode 3.2";
			developmentRegion = English;
			hasScannedForEncodings = 0;
			knownRegions = (
				en,
			);
			mainGroup = 5A53C1991D7CDA17004CE8BC;
			productRefGroup = 5A53C1A31D7CDA17004CE8BC /* Products */;
			projectDirPath = "";
			projectRoot = "";
			targets = (
				5A53C1A11D7CDA17004CE8BC /* USACO */,
				5A53C1BA1D7CDB1F004CE8BC /* gift1 */,
				5A53C1CA1D7CDDB0004CE8BC /* ride */,
				5A53C1DB1D7D1C30004CE8BC /* friday */,
				5A53C1E81D7D3748004CE8BC /* beads */,
				5A53C1F51D7DFECC004CE8BC /* milk2 */,
				5A53C2021D7E6E61004CE8BC /* transform */,
				5AB911931D7FA21A00AD3EB8 /* namenum */,
				5AB911A11D8084B500AD3EB8 /* palsquare */,
				5AB911AD1D8090D000AD3EB8 /* dualpal */,
				5AB911B91D81178F00AD3EB8 /* milk */,
				5AB911C51D8266A800AD3EB8 /* barn1 */,
				5AB911D11D83259600AD3EB8 /* crypt1 */,
				5AB911DD1D83842600AD3EB8 /* combo */,
			);
		};
/* End PBXProject section */

/* Begin PBXSourcesBuildPhase section */
		5A53C19E1D7CDA17004CE8BC /* Sources */ = {
			isa = PBXSourcesBuildPhase;
			buildActionMask = 2147483647;
			files = (
				5A53C1A61D7CDA17004CE8BC /* main.cpp in Sources */,
			);
			runOnlyForDeploymentPostprocessing = 0;
		};
		5A53C1B71D7CDB1F004CE8BC /* Sources */ = {
			isa = PBXSourcesBuildPhase;
			buildActionMask = 2147483647;
			files = (
				5A53C1BE1D7CDB1F004CE8BC /* gift1.cpp in Sources */,
			);
			runOnlyForDeploymentPostprocessing = 0;
		};
		5A53C1C71D7CDDB0004CE8BC /* Sources */ = {
			isa = PBXSourcesBuildPhase;
			buildActionMask = 2147483647;
			files = (
				5A53C1CE1D7CDDB0004CE8BC /* ride.cpp in Sources */,
			);
			runOnlyForDeploymentPostprocessing = 0;
		};
		5A53C1D81D7D1C30004CE8BC /* Sources */ = {
			isa = PBXSourcesBuildPhase;
			buildActionMask = 2147483647;
			files = (
				5A53C1DF1D7D1C30004CE8BC /* friday.cpp in Sources */,
			);
			runOnlyForDeploymentPostprocessing = 0;
		};
		5A53C1E51D7D3748004CE8BC /* Sources */ = {
			isa = PBXSourcesBuildPhase;
			buildActionMask = 2147483647;
			files = (
				5A53C1EC1D7D3748004CE8BC /* beads.cpp in Sources */,
			);
			runOnlyForDeploymentPostprocessing = 0;
		};
		5A53C1F21D7DFECC004CE8BC /* Sources */ = {
			isa = PBXSourcesBuildPhase;
			buildActionMask = 2147483647;
			files = (
				5A53C1F91D7DFECC004CE8BC /* milk2.cpp in Sources */,
			);
			runOnlyForDeploymentPostprocessing = 0;
		};
		5A53C1FF1D7E6E61004CE8BC /* Sources */ = {
			isa = PBXSourcesBuildPhase;
			buildActionMask = 2147483647;
			files = (
				5A53C2061D7E6E61004CE8BC /* transform.cpp in Sources */,
			);
			runOnlyForDeploymentPostprocessing = 0;
		};
		5AB911901D7FA21A00AD3EB8 /* Sources */ = {
			isa = PBXSourcesBuildPhase;
			buildActionMask = 2147483647;
			files = (
				5AB911971D7FA21A00AD3EB8 /* namenum.cpp in Sources */,
			);
			runOnlyForDeploymentPostprocessing = 0;
		};
		5AB9119E1D8084B500AD3EB8 /* Sources */ = {
			isa = PBXSourcesBuildPhase;
			buildActionMask = 2147483647;
			files = (
				5AB911A51D8084BB00AD3EB8 /* palsquare.cpp in Sources */,
			);
			runOnlyForDeploymentPostprocessing = 0;
		};
		5AB911AA1D8090D000AD3EB8 /* Sources */ = {
			isa = PBXSourcesBuildPhase;
			buildActionMask = 2147483647;
			files = (
				5AB911B11D8090D100AD3EB8 /* dualpal.cpp in Sources */,
			);
			runOnlyForDeploymentPostprocessing = 0;
		};
		5AB911B61D81178F00AD3EB8 /* Sources */ = {
			isa = PBXSourcesBuildPhase;
			buildActionMask = 2147483647;
			files = (
				5AB911BD1D81178F00AD3EB8 /* milk.cpp in Sources */,
			);
			runOnlyForDeploymentPostprocessing = 0;
		};
		5AB911C21D8266A800AD3EB8 /* Sources */ = {
			isa = PBXSourcesBuildPhase;
			buildActionMask = 2147483647;
			files = (
				5AB911C91D8266A800AD3EB8 /* barn1.cpp in Sources */,
			);
			runOnlyForDeploymentPostprocessing = 0;
		};
		5AB911CE1D83259600AD3EB8 /* Sources */ = {
			isa = PBXSourcesBuildPhase;
			buildActionMask = 2147483647;
			files = (
				5AB911D51D83259600AD3EB8 /* crypt1.cpp in Sources */,
			);
			runOnlyForDeploymentPostprocessing = 0;
		};
		5AB911DA1D83842600AD3EB8 /* Sources */ = {
			isa = PBXSourcesBuildPhase;
			buildActionMask = 2147483647;
			files = (
				5AB911E11D83842700AD3EB8 /* combo.cpp in Sources */,
			);
			runOnlyForDeploymentPostprocessing = 0;
		};
/* End PBXSourcesBuildPhase section */

/* Begin XCBuildConfiguration section */
		5A53C1A71D7CDA17004CE8BC /* Debug */ = {
			isa = XCBuildConfiguration;
			buildSettings = {
				ALWAYS_SEARCH_USER_PATHS = NO;
				CLANG_ANALYZER_NONNULL = YES;
				CLANG_CXX_LANGUAGE_STANDARD = "gnu++0x";
				CLANG_CXX_LIBRARY = "libc++";
				CLANG_ENABLE_MODULES = YES;
				CLANG_ENABLE_OBJC_ARC = YES;
				CLANG_WARN_BOOL_CONVERSION = YES;
				CLANG_WARN_CONSTANT_CONVERSION = YES;
				CLANG_WARN_DIRECT_OBJC_ISA_USAGE = YES_ERROR;
				CLANG_WARN_EMPTY_BODY = YES;
				CLANG_WARN_ENUM_CONVERSION = YES;
				CLANG_WARN_INT_CONVERSION = YES;
				CLANG_WARN_OBJC_ROOT_CLASS = YES_ERROR;
				CLANG_WARN_UNREACHABLE_CODE = YES;
				CLANG_WARN__DUPLICATE_METHOD_MATCH = YES;
				CODE_SIGN_IDENTITY = "-";
				COPY_PHASE_STRIP = NO;
				DEBUG_INFORMATION_FORMAT = dwarf;
				ENABLE_STRICT_OBJC_MSGSEND = YES;
				ENABLE_TESTABILITY = YES;
				GCC_C_LANGUAGE_STANDARD = gnu99;
				GCC_DYNAMIC_NO_PIC = NO;
				GCC_NO_COMMON_BLOCKS = YES;
				GCC_OPTIMIZATION_LEVEL = 0;
				GCC_PREPROCESSOR_DEFINITIONS = (
					"DEBUG=1",
					"$(inherited)",
				);
				GCC_WARN_64_TO_32_BIT_CONVERSION = YES;
				GCC_WARN_ABOUT_RETURN_TYPE = YES_ERROR;
				GCC_WARN_UNDECLARED_SELECTOR = YES;
				GCC_WARN_UNINITIALIZED_AUTOS = YES_AGGRESSIVE;
				GCC_WARN_UNUSED_FUNCTION = YES;
				GCC_WARN_UNUSED_VARIABLE = YES;
				MACOSX_DEPLOYMENT_TARGET = 10.11;
				MTL_ENABLE_DEBUG_INFO = YES;
				ONLY_ACTIVE_ARCH = YES;
				SDKROOT = macosx;
			};
			name = Debug;
		};
		5A53C1A81D7CDA17004CE8BC /* Release */ = {
			isa = XCBuildConfiguration;
			buildSettings = {
				ALWAYS_SEARCH_USER_PATHS = NO;
				CLANG_ANALYZER_NONNULL = YES;
				CLANG_CXX_LANGUAGE_STANDARD = "gnu++0x";
				CLANG_CXX_LIBRARY = "libc++";
				CLANG_ENABLE_MODULES = YES;
				CLANG_ENABLE_OBJC_ARC = YES;
				CLANG_WARN_BOOL_CONVERSION = YES;
				CLANG_WARN_CONSTANT_CONVERSION = YES;
				CLANG_WARN_DIRECT_OBJC_ISA_USAGE = YES_ERROR;
				CLANG_WARN_EMPTY_BODY = YES;
				CLANG_WARN_ENUM_CONVERSION = YES;
				CLANG_WARN_INT_CONVERSION = YES;
				CLANG_WARN_OBJC_ROOT_CLASS = YES_ERROR;
				CLANG_WARN_UNREACHABLE_CODE = YES;
				CLANG_WARN__DUPLICATE_METHOD_MATCH = YES;
				CODE_SIGN_IDENTITY = "-";
				COPY_PHASE_STRIP = NO;
				DEBUG_INFORMATION_FORMAT = "dwarf-with-dsym";
				ENABLE_NS_ASSERTIONS = NO;
				ENABLE_STRICT_OBJC_MSGSEND = YES;
				GCC_C_LANGUAGE_STANDARD = gnu99;
				GCC_NO_COMMON_BLOCKS = YES;
				GCC_WARN_64_TO_32_BIT_CONVERSION = YES;
				GCC_WARN_ABOUT_RETURN_TYPE = YES_ERROR;
				GCC_WARN_UNDECLARED_SELECTOR = YES;
				GCC_WARN_UNINITIALIZED_AUTOS = YES_AGGRESSIVE;
				GCC_WARN_UNUSED_FUNCTION = YES;
				GCC_WARN_UNUSED_VARIABLE = YES;
				MACOSX_DEPLOYMENT_TARGET = 10.11;
				MTL_ENABLE_DEBUG_INFO = NO;
				SDKROOT = macosx;
			};
			name = Release;
		};
		5A53C1AA1D7CDA17004CE8BC /* Debug */ = {
			isa = XCBuildConfiguration;
			buildSettings = {
				PRODUCT_NAME = "$(TARGET_NAME)";
			};
			name = Debug;
		};
		5A53C1AB1D7CDA17004CE8BC /* Release */ = {
			isa = XCBuildConfiguration;
			buildSettings = {
				PRODUCT_NAME = "$(TARGET_NAME)";
			};
			name = Release;
		};
		5A53C1C01D7CDB1F004CE8BC /* Debug */ = {
			isa = XCBuildConfiguration;
			buildSettings = {
				PRODUCT_NAME = "$(TARGET_NAME)";
			};
			name = Debug;
		};
		5A53C1C11D7CDB1F004CE8BC /* Release */ = {
			isa = XCBuildConfiguration;
			buildSettings = {
				PRODUCT_NAME = "$(TARGET_NAME)";
			};
			name = Release;
		};
		5A53C1D01D7CDDB0004CE8BC /* Debug */ = {
			isa = XCBuildConfiguration;
			buildSettings = {
				PRODUCT_NAME = "$(TARGET_NAME)";
			};
			name = Debug;
		};
		5A53C1D11D7CDDB0004CE8BC /* Release */ = {
			isa = XCBuildConfiguration;
			buildSettings = {
				PRODUCT_NAME = "$(TARGET_NAME)";
			};
			name = Release;
		};
		5A53C1E01D7D1C30004CE8BC /* Debug */ = {
			isa = XCBuildConfiguration;
			buildSettings = {
				PRODUCT_NAME = "$(TARGET_NAME)";
			};
			name = Debug;
		};
		5A53C1E11D7D1C30004CE8BC /* Release */ = {
			isa = XCBuildConfiguration;
			buildSettings = {
				PRODUCT_NAME = "$(TARGET_NAME)";
			};
			name = Release;
		};
		5A53C1EE1D7D3748004CE8BC /* Debug */ = {
			isa = XCBuildConfiguration;
			buildSettings = {
				PRODUCT_NAME = "$(TARGET_NAME)";
			};
			name = Debug;
		};
		5A53C1EF1D7D3748004CE8BC /* Release */ = {
			isa = XCBuildConfiguration;
			buildSettings = {
				PRODUCT_NAME = "$(TARGET_NAME)";
			};
			name = Release;
		};
		5A53C1FB1D7DFECC004CE8BC /* Debug */ = {
			isa = XCBuildConfiguration;
			buildSettings = {
				PRODUCT_NAME = "$(TARGET_NAME)";
			};
			name = Debug;
		};
		5A53C1FC1D7DFECC004CE8BC /* Release */ = {
			isa = XCBuildConfiguration;
			buildSettings = {
				PRODUCT_NAME = "$(TARGET_NAME)";
			};
			name = Release;
		};
		5A53C2081D7E6E61004CE8BC /* Debug */ = {
			isa = XCBuildConfiguration;
			buildSettings = {
				PRODUCT_NAME = "$(TARGET_NAME)";
			};
			name = Debug;
		};
		5A53C2091D7E6E61004CE8BC /* Release */ = {
			isa = XCBuildConfiguration;
			buildSettings = {
				PRODUCT_NAME = "$(TARGET_NAME)";
			};
			name = Release;
		};
		5AB911981D7FA21A00AD3EB8 /* Debug */ = {
			isa = XCBuildConfiguration;
			buildSettings = {
				PRODUCT_NAME = "$(TARGET_NAME)";
			};
			name = Debug;
		};
		5AB911991D7FA21A00AD3EB8 /* Release */ = {
			isa = XCBuildConfiguration;
			buildSettings = {
				PRODUCT_NAME = "$(TARGET_NAME)";
			};
			name = Release;
		};
		5AB911A71D8084BC00AD3EB8 /* Debug */ = {
			isa = XCBuildConfiguration;
			buildSettings = {
				PRODUCT_NAME = "$(TARGET_NAME)";
			};
			name = Debug;
		};
		5AB911A81D8084BC00AD3EB8 /* Release */ = {
			isa = XCBuildConfiguration;
			buildSettings = {
				PRODUCT_NAME = "$(TARGET_NAME)";
			};
			name = Release;
		};
		5AB911B31D8090D100AD3EB8 /* Debug */ = {
			isa = XCBuildConfiguration;
			buildSettings = {
				PRODUCT_NAME = "$(TARGET_NAME)";
			};
			name = Debug;
		};
		5AB911B41D8090D100AD3EB8 /* Release */ = {
			isa = XCBuildConfiguration;
			buildSettings = {
				PRODUCT_NAME = "$(TARGET_NAME)";
			};
			name = Release;
		};
		5AB911BF1D81178F00AD3EB8 /* Debug */ = {
			isa = XCBuildConfiguration;
			buildSettings = {
				PRODUCT_NAME = "$(TARGET_NAME)";
			};
			name = Debug;
		};
		5AB911C01D81178F00AD3EB8 /* Release */ = {
			isa = XCBuildConfiguration;
			buildSettings = {
				PRODUCT_NAME = "$(TARGET_NAME)";
			};
			name = Release;
		};
		5AB911CB1D8266A800AD3EB8 /* Debug */ = {
			isa = XCBuildConfiguration;
			buildSettings = {
				PRODUCT_NAME = "$(TARGET_NAME)";
			};
			name = Debug;
		};
		5AB911CC1D8266A800AD3EB8 /* Release */ = {
			isa = XCBuildConfiguration;
			buildSettings = {
				PRODUCT_NAME = "$(TARGET_NAME)";
			};
			name = Release;
		};
		5AB911D71D83259600AD3EB8 /* Debug */ = {
			isa = XCBuildConfiguration;
			buildSettings = {
				PRODUCT_NAME = "$(TARGET_NAME)";
			};
			name = Debug;
		};
		5AB911D81D83259600AD3EB8 /* Release */ = {
			isa = XCBuildConfiguration;
			buildSettings = {
				PRODUCT_NAME = "$(TARGET_NAME)";
			};
			name = Release;
		};
		5AB911E31D83842700AD3EB8 /* Debug */ = {
			isa = XCBuildConfiguration;
			buildSettings = {
				PRODUCT_NAME = "$(TARGET_NAME)";
			};
			name = Debug;
		};
		5AB911E41D83842700AD3EB8 /* Release */ = {
			isa = XCBuildConfiguration;
			buildSettings = {
				PRODUCT_NAME = "$(TARGET_NAME)";
			};
			name = Release;
		};
/* End XCBuildConfiguration section */

/* Begin XCConfigurationList section */
		5A53C19D1D7CDA17004CE8BC /* Build configuration list for PBXProject "USACO" */ = {
			isa = XCConfigurationList;
			buildConfigurations = (
				5A53C1A71D7CDA17004CE8BC /* Debug */,
				5A53C1A81D7CDA17004CE8BC /* Release */,
			);
			defaultConfigurationIsVisible = 0;
			defaultConfigurationName = Release;
		};
		5A53C1A91D7CDA17004CE8BC /* Build configuration list for PBXNativeTarget "USACO" */ = {
			isa = XCConfigurationList;
			buildConfigurations = (
				5A53C1AA1D7CDA17004CE8BC /* Debug */,
				5A53C1AB1D7CDA17004CE8BC /* Release */,
			);
			defaultConfigurationIsVisible = 0;
			defaultConfigurationName = Release;
		};
		5A53C1BF1D7CDB1F004CE8BC /* Build configuration list for PBXNativeTarget "gift1" */ = {
			isa = XCConfigurationList;
			buildConfigurations = (
				5A53C1C01D7CDB1F004CE8BC /* Debug */,
				5A53C1C11D7CDB1F004CE8BC /* Release */,
			);
			defaultConfigurationIsVisible = 0;
			defaultConfigurationName = Release;
		};
		5A53C1CF1D7CDDB0004CE8BC /* Build configuration list for PBXNativeTarget "ride" */ = {
			isa = XCConfigurationList;
			buildConfigurations = (
				5A53C1D01D7CDDB0004CE8BC /* Debug */,
				5A53C1D11D7CDDB0004CE8BC /* Release */,
			);
			defaultConfigurationIsVisible = 0;
			defaultConfigurationName = Release;
		};
		5A53C1E21D7D1C30004CE8BC /* Build configuration list for PBXNativeTarget "friday" */ = {
			isa = XCConfigurationList;
			buildConfigurations = (
				5A53C1E01D7D1C30004CE8BC /* Debug */,
				5A53C1E11D7D1C30004CE8BC /* Release */,
			);
			defaultConfigurationIsVisible = 0;
			defaultConfigurationName = Release;
		};
		5A53C1ED1D7D3748004CE8BC /* Build configuration list for PBXNativeTarget "beads" */ = {
			isa = XCConfigurationList;
			buildConfigurations = (
				5A53C1EE1D7D3748004CE8BC /* Debug */,
				5A53C1EF1D7D3748004CE8BC /* Release */,
			);
			defaultConfigurationIsVisible = 0;
			defaultConfigurationName = Release;
		};
		5A53C1FA1D7DFECC004CE8BC /* Build configuration list for PBXNativeTarget "milk2" */ = {
			isa = XCConfigurationList;
			buildConfigurations = (
				5A53C1FB1D7DFECC004CE8BC /* Debug */,
				5A53C1FC1D7DFECC004CE8BC /* Release */,
			);
			defaultConfigurationIsVisible = 0;
			defaultConfigurationName = Release;
		};
		5A53C2071D7E6E61004CE8BC /* Build configuration list for PBXNativeTarget "transform" */ = {
			isa = XCConfigurationList;
			buildConfigurations = (
				5A53C2081D7E6E61004CE8BC /* Debug */,
				5A53C2091D7E6E61004CE8BC /* Release */,
			);
			defaultConfigurationIsVisible = 0;
			defaultConfigurationName = Release;
		};
		5AB9119A1D7FA21B00AD3EB8 /* Build configuration list for PBXNativeTarget "namenum" */ = {
			isa = XCConfigurationList;
			buildConfigurations = (
				5AB911981D7FA21A00AD3EB8 /* Debug */,
				5AB911991D7FA21A00AD3EB8 /* Release */,
			);
			defaultConfigurationIsVisible = 0;
		};
		5AB911A61D8084BC00AD3EB8 /* Build configuration list for PBXNativeTarget "palsquare" */ = {
			isa = XCConfigurationList;
			buildConfigurations = (
				5AB911A71D8084BC00AD3EB8 /* Debug */,
				5AB911A81D8084BC00AD3EB8 /* Release */,
			);
			defaultConfigurationIsVisible = 0;
		};
		5AB911B21D8090D100AD3EB8 /* Build configuration list for PBXNativeTarget "dualpal" */ = {
			isa = XCConfigurationList;
			buildConfigurations = (
				5AB911B31D8090D100AD3EB8 /* Debug */,
				5AB911B41D8090D100AD3EB8 /* Release */,
			);
			defaultConfigurationIsVisible = 0;
		};
		5AB911BE1D81178F00AD3EB8 /* Build configuration list for PBXNativeTarget "milk" */ = {
			isa = XCConfigurationList;
			buildConfigurations = (
				5AB911BF1D81178F00AD3EB8 /* Debug */,
				5AB911C01D81178F00AD3EB8 /* Release */,
			);
			defaultConfigurationIsVisible = 0;
		};
		5AB911CA1D8266A800AD3EB8 /* Build configuration list for PBXNativeTarget "barn1" */ = {
			isa = XCConfigurationList;
			buildConfigurations = (
				5AB911CB1D8266A800AD3EB8 /* Debug */,
				5AB911CC1D8266A800AD3EB8 /* Release */,
			);
			defaultConfigurationIsVisible = 0;
		};
		5AB911D61D83259600AD3EB8 /* Build configuration list for PBXNativeTarget "crypt1" */ = {
			isa = XCConfigurationList;
			buildConfigurations = (
				5AB911D71D83259600AD3EB8 /* Debug */,
				5AB911D81D83259600AD3EB8 /* Release */,
			);
			defaultConfigurationIsVisible = 0;
		};
		5AB911E21D83842700AD3EB8 /* Build configuration list for PBXNativeTarget "combo" */ = {
			isa = XCConfigurationList;
			buildConfigurations = (
				5AB911E31D83842700AD3EB8 /* Debug */,
				5AB911E41D83842700AD3EB8 /* Release */,
			);
			defaultConfigurationIsVisible = 0;
		};
/* End XCConfigurationList section */
	};
	rootObject = 5A53C19A1D7CDA17004CE8BC /* Project object */;
}
